
Microsoft Visual Studio Solution File, Format Version 12.00
# Visual Studio Version 16
VisualStudioVersion = 16.0.31321.278
MinimumVisualStudioVersion = 10.0.40219.1
Project("{FAE04EC0-301F-11D3-BF4B-00C04F79EFBC}") = "WebAPI", "WebAPI\WebAPI.csproj", "{0F505377-001C-4FF9-BE56-9184E1E9B07C}"
EndProject
Global
	GlobalSection(SolutionConfigurationPlatforms) = preSolution
		Debug|Any CPU = Debug|Any CPU
		Release|Any CPU = Release|Any CPU
	EndGlobalSection
	GlobalSection(ProjectConfigurationPlatforms) = postSolution
		{0F505377-001C-4FF9-BE56-9184E1E9B07C}.Debug|Any CPU.ActiveCfg = Debug|Any CPU
		{0F505377-001C-4FF9-BE56-9184E1E9B07C}.Debug|Any CPU.Build.0 = Debug|Any CPU
		{0F505377-001C-4FF9-BE56-9184E1E9B07C}.Release|Any CPU.ActiveCfg = Release|Any CPU
		{0F505377-001C-4FF9-BE56-9184E1E9B07C}.Release|Any CPU.Build.0 = Release|Any CPU
	EndGlobalSection
	GlobalSection(SolutionProperties) = preSolution
		HideSolutionNode = FALSE
	EndGlobalSection
	GlobalSection(ExtensibilityGlobals) = postSolution
		SolutionGuid = {A27D40D0-79C1-4B01-96ED-CFC47EB26B56}
	EndGlobalSection
EndGlobal
